{
  "name": "callassist-shared",
  "version": "1.0.0",
  "lockfileVersion": 3,
  "requires": true,
  "packages": {
    "": {
      "name": "callassist-shared",
      "version": "1.0.0",
      "dependencies": {
        "libphonenumber-js": "^1.12.42"
      }
    },
    "node_modules/libphonenumber-js": {
      "version": "1.13.1",
      "resolved": "https://registry.npmjs.org/libphonenumber-js/-/libphonenumber-js-1.13.1.tgz",
      "integrity": "sha512-GEw0GLL7YUUA6nv21IsCvVjtI5Ejn84sjbdfQ9KxdbqEVOk1PZh7xejn01EEiniKw+dBeCfim+8MGeuvVuE2BA==",
      "license": "MIT"
    }
  }
}
